
Microsoft Visual Studio Solution File, Format Version 12.00
# Visual Studio Version 16
VisualStudioVersion = 16.0.30717.126
MinimumVisualStudioVersion = 10.0.40219.1
Project("{FAE04EC0-301F-11D3-BF4B-00C04F79EFBC}") = "ConsoleApp1", "ConsoleApp1\ConsoleApp1.csproj", "{CB07D3BC-0A98-4A13-B57B-9D947E8EBE58}"
EndProject
Global
	GlobalSection(SolutionConfigurationPlatforms) = preSolution
		Debug|Any CPU = Debug|Any CPU
		Release|Any CPU = Release|Any CPU
	EndGlobalSection
	GlobalSection(ProjectConfigurationPlatforms) = postSolution
		{CB07D3BC-0A98-4A13-B57B-9D947E8EBE58}.Debug|Any CPU.ActiveCfg = Debug|Any CPU
		{CB07D3BC-0A98-4A13-B57B-9D947E8EBE58}.Debug|Any CPU.Build.0 = Debug|Any CPU
		{CB07D3BC-0A98-4A13-B57B-9D947E8EBE58}.Release|Any CPU.ActiveCfg = Release|Any CPU
		{CB07D3BC-0A98-4A13-B57B-9D947E8EBE58}.Release|Any CPU.Build.0 = Release|Any CPU
	EndGlobalSection
	GlobalSection(SolutionProperties) = preSolution
		HideSolutionNode = FALSE
	EndGlobalSection
	GlobalSection(ExtensibilityGlobals) = postSolution
		SolutionGuid = {013B3CEF-74FA-4350-8D4B-E3469770D8CB}
	EndGlobalSection
EndGlobal
