
Microsoft Visual Studio Solution File, Format Version 12.00
# Visual Studio Version 16
VisualStudioVersion = 16.0.30717.126
MinimumVisualStudioVersion = 10.0.40219.1
Project("{FAE04EC0-301F-11D3-BF4B-00C04F79EFBC}") = "Problem1", "Problem1\Problem1.csproj", "{B07DC34F-3BD9-4068-9B4A-81AB768CE240}"
EndProject
Global
	GlobalSection(SolutionConfigurationPlatforms) = preSolution
		Debug|Any CPU = Debug|Any CPU
		Release|Any CPU = Release|Any CPU
	EndGlobalSection
	GlobalSection(ProjectConfigurationPlatforms) = postSolution
		{B07DC34F-3BD9-4068-9B4A-81AB768CE240}.Debug|Any CPU.ActiveCfg = Debug|Any CPU
		{B07DC34F-3BD9-4068-9B4A-81AB768CE240}.Debug|Any CPU.Build.0 = Debug|Any CPU
		{B07DC34F-3BD9-4068-9B4A-81AB768CE240}.Release|Any CPU.ActiveCfg = Release|Any CPU
		{B07DC34F-3BD9-4068-9B4A-81AB768CE240}.Release|Any CPU.Build.0 = Release|Any CPU
	EndGlobalSection
	GlobalSection(SolutionProperties) = preSolution
		HideSolutionNode = FALSE
	EndGlobalSection
	GlobalSection(ExtensibilityGlobals) = postSolution
		SolutionGuid = {61543B0E-42E5-4687-AF19-25EB504E12A5}
	EndGlobalSection
EndGlobal
