
Microsoft Visual Studio Solution File, Format Version 12.00
# Visual Studio Version 16
VisualStudioVersion = 16.0.30717.126
MinimumVisualStudioVersion = 10.0.40219.1
Project("{FAE04EC0-301F-11D3-BF4B-00C04F79EFBC}") = "Practice1", "Practice1\Practice1.csproj", "{EFA9C501-7893-4087-903E-BE8FF812BA03}"
EndProject
Global
	GlobalSection(SolutionConfigurationPlatforms) = preSolution
		Debug|Any CPU = Debug|Any CPU
		Release|Any CPU = Release|Any CPU
	EndGlobalSection
	GlobalSection(ProjectConfigurationPlatforms) = postSolution
		{EFA9C501-7893-4087-903E-BE8FF812BA03}.Debug|Any CPU.ActiveCfg = Debug|Any CPU
		{EFA9C501-7893-4087-903E-BE8FF812BA03}.Debug|Any CPU.Build.0 = Debug|Any CPU
		{EFA9C501-7893-4087-903E-BE8FF812BA03}.Release|Any CPU.ActiveCfg = Release|Any CPU
		{EFA9C501-7893-4087-903E-BE8FF812BA03}.Release|Any CPU.Build.0 = Release|Any CPU
	EndGlobalSection
	GlobalSection(SolutionProperties) = preSolution
		HideSolutionNode = FALSE
	EndGlobalSection
	GlobalSection(ExtensibilityGlobals) = postSolution
		SolutionGuid = {EF70A21D-DA03-446F-9DCB-5C0BCE409E1B}
	EndGlobalSection
EndGlobal
