
Microsoft Visual Studio Solution File, Format Version 12.00
# Visual Studio Version 16
VisualStudioVersion = 16.0.31025.194
MinimumVisualStudioVersion = 10.0.40219.1
Project("{FAE04EC0-301F-11D3-BF4B-00C04F79EFBC}") = "Lotto", "Lotto\Lotto.csproj", "{9679952C-8FD9-407D-B6E7-742A3C0723F7}"
EndProject
Global
	GlobalSection(SolutionConfigurationPlatforms) = preSolution
		Debug|Any CPU = Debug|Any CPU
		Release|Any CPU = Release|Any CPU
	EndGlobalSection
	GlobalSection(ProjectConfigurationPlatforms) = postSolution
		{9679952C-8FD9-407D-B6E7-742A3C0723F7}.Debug|Any CPU.ActiveCfg = Debug|Any CPU
		{9679952C-8FD9-407D-B6E7-742A3C0723F7}.Debug|Any CPU.Build.0 = Debug|Any CPU
		{9679952C-8FD9-407D-B6E7-742A3C0723F7}.Release|Any CPU.ActiveCfg = Release|Any CPU
		{9679952C-8FD9-407D-B6E7-742A3C0723F7}.Release|Any CPU.Build.0 = Release|Any CPU
	EndGlobalSection
	GlobalSection(SolutionProperties) = preSolution
		HideSolutionNode = FALSE
	EndGlobalSection
	GlobalSection(ExtensibilityGlobals) = postSolution
		SolutionGuid = {3C039016-CD68-40DC-80DF-D411D6F5D071}
	EndGlobalSection
EndGlobal
