
Microsoft Visual Studio Solution File, Format Version 12.00
# Visual Studio Version 16
VisualStudioVersion = 16.0.30717.126
MinimumVisualStudioVersion = 10.0.40219.1
Project("{FAE04EC0-301F-11D3-BF4B-00C04F79EFBC}") = "Array", "Array\Array.csproj", "{83112423-E0D0-4ACF-9BB8-E7FDDC0894A6}"
EndProject
Global
	GlobalSection(SolutionConfigurationPlatforms) = preSolution
		Debug|Any CPU = Debug|Any CPU
		Release|Any CPU = Release|Any CPU
	EndGlobalSection
	GlobalSection(ProjectConfigurationPlatforms) = postSolution
		{83112423-E0D0-4ACF-9BB8-E7FDDC0894A6}.Debug|Any CPU.ActiveCfg = Debug|Any CPU
		{83112423-E0D0-4ACF-9BB8-E7FDDC0894A6}.Debug|Any CPU.Build.0 = Debug|Any CPU
		{83112423-E0D0-4ACF-9BB8-E7FDDC0894A6}.Release|Any CPU.ActiveCfg = Release|Any CPU
		{83112423-E0D0-4ACF-9BB8-E7FDDC0894A6}.Release|Any CPU.Build.0 = Release|Any CPU
	EndGlobalSection
	GlobalSection(SolutionProperties) = preSolution
		HideSolutionNode = FALSE
	EndGlobalSection
	GlobalSection(ExtensibilityGlobals) = postSolution
		SolutionGuid = {124D005B-B356-46E3-94FB-787E549E0E72}
	EndGlobalSection
EndGlobal
