
Microsoft Visual Studio Solution File, Format Version 12.00
# Visual Studio Version 16
VisualStudioVersion = 16.0.30717.126
MinimumVisualStudioVersion = 10.0.40219.1
Project("{FAE04EC0-301F-11D3-BF4B-00C04F79EFBC}") = "test1", "test1\test1.csproj", "{1402CDB1-9A24-4B27-B535-33BACE6A843C}"
EndProject
Project("{FAE04EC0-301F-11D3-BF4B-00C04F79EFBC}") = "ConsoleApp1", "ConsoleApp1\ConsoleApp1.csproj", "{828C8CA8-72B2-4AB7-8FCB-E7CF15C52EB3}"
EndProject
Project("{FAE04EC0-301F-11D3-BF4B-00C04F79EFBC}") = "ConsoleApp2", "ConsoleApp2\ConsoleApp2.csproj", "{170CD240-DFE1-4329-BDC7-D4B18FCEED4D}"
EndProject
Project("{FAE04EC0-301F-11D3-BF4B-00C04F79EFBC}") = "ConsoleApp3", "ConsoleApp3\ConsoleApp3.csproj", "{F88374FB-D833-4A29-8E35-E1CC5DD1995B}"
EndProject
Project("{FAE04EC0-301F-11D3-BF4B-00C04F79EFBC}") = "bunifu", "bunifu\bunifu.csproj", "{0E820E85-D180-4F11-8E7F-F915177D13EE}"
EndProject
Global
	GlobalSection(SolutionConfigurationPlatforms) = preSolution
		Debug|Any CPU = Debug|Any CPU
		Release|Any CPU = Release|Any CPU
	EndGlobalSection
	GlobalSection(ProjectConfigurationPlatforms) = postSolution
		{1402CDB1-9A24-4B27-B535-33BACE6A843C}.Debug|Any CPU.ActiveCfg = Debug|Any CPU
		{1402CDB1-9A24-4B27-B535-33BACE6A843C}.Debug|Any CPU.Build.0 = Debug|Any CPU
		{1402CDB1-9A24-4B27-B535-33BACE6A843C}.Release|Any CPU.ActiveCfg = Release|Any CPU
		{1402CDB1-9A24-4B27-B535-33BACE6A843C}.Release|Any CPU.Build.0 = Release|Any CPU
		{828C8CA8-72B2-4AB7-8FCB-E7CF15C52EB3}.Debug|Any CPU.ActiveCfg = Debug|Any CPU
		{828C8CA8-72B2-4AB7-8FCB-E7CF15C52EB3}.Debug|Any CPU.Build.0 = Debug|Any CPU
		{828C8CA8-72B2-4AB7-8FCB-E7CF15C52EB3}.Release|Any CPU.ActiveCfg = Release|Any CPU
		{828C8CA8-72B2-4AB7-8FCB-E7CF15C52EB3}.Release|Any CPU.Build.0 = Release|Any CPU
		{170CD240-DFE1-4329-BDC7-D4B18FCEED4D}.Debug|Any CPU.ActiveCfg = Debug|Any CPU
		{170CD240-DFE1-4329-BDC7-D4B18FCEED4D}.Debug|Any CPU.Build.0 = Debug|Any CPU
		{170CD240-DFE1-4329-BDC7-D4B18FCEED4D}.Release|Any CPU.ActiveCfg = Release|Any CPU
		{170CD240-DFE1-4329-BDC7-D4B18FCEED4D}.Release|Any CPU.Build.0 = Release|Any CPU
		{F88374FB-D833-4A29-8E35-E1CC5DD1995B}.Debug|Any CPU.ActiveCfg = Debug|Any CPU
		{F88374FB-D833-4A29-8E35-E1CC5DD1995B}.Debug|Any CPU.Build.0 = Debug|Any CPU
		{F88374FB-D833-4A29-8E35-E1CC5DD1995B}.Release|Any CPU.ActiveCfg = Release|Any CPU
		{F88374FB-D833-4A29-8E35-E1CC5DD1995B}.Release|Any CPU.Build.0 = Release|Any CPU
		{0E820E85-D180-4F11-8E7F-F915177D13EE}.Debug|Any CPU.ActiveCfg = Debug|Any CPU
		{0E820E85-D180-4F11-8E7F-F915177D13EE}.Debug|Any CPU.Build.0 = Debug|Any CPU
		{0E820E85-D180-4F11-8E7F-F915177D13EE}.Release|Any CPU.ActiveCfg = Release|Any CPU
		{0E820E85-D180-4F11-8E7F-F915177D13EE}.Release|Any CPU.Build.0 = Release|Any CPU
	EndGlobalSection
	GlobalSection(SolutionProperties) = preSolution
		HideSolutionNode = FALSE
	EndGlobalSection
	GlobalSection(ExtensibilityGlobals) = postSolution
		SolutionGuid = {573E4E95-A7ED-40BA-A5E7-177D6B6A72F9}
	EndGlobalSection
EndGlobal
