
Microsoft Visual Studio Solution File, Format Version 12.00
# Visual Studio Version 16
VisualStudioVersion = 16.0.30717.126
MinimumVisualStudioVersion = 10.0.40219.1
Project("{FAE04EC0-301F-11D3-BF4B-00C04F79EFBC}") = "AddressBook", "AddressBook\AddressBook.csproj", "{5AC53D85-1929-49F5-BF17-CD052E356F92}"
EndProject
Global
	GlobalSection(SolutionConfigurationPlatforms) = preSolution
		Debug|Any CPU = Debug|Any CPU
		Release|Any CPU = Release|Any CPU
	EndGlobalSection
	GlobalSection(ProjectConfigurationPlatforms) = postSolution
		{5AC53D85-1929-49F5-BF17-CD052E356F92}.Debug|Any CPU.ActiveCfg = Debug|Any CPU
		{5AC53D85-1929-49F5-BF17-CD052E356F92}.Debug|Any CPU.Build.0 = Debug|Any CPU
		{5AC53D85-1929-49F5-BF17-CD052E356F92}.Release|Any CPU.ActiveCfg = Release|Any CPU
		{5AC53D85-1929-49F5-BF17-CD052E356F92}.Release|Any CPU.Build.0 = Release|Any CPU
	EndGlobalSection
	GlobalSection(SolutionProperties) = preSolution
		HideSolutionNode = FALSE
	EndGlobalSection
	GlobalSection(ExtensibilityGlobals) = postSolution
		SolutionGuid = {A0DCDD01-0F79-4640-B2A7-EBE05C1DCDA1}
	EndGlobalSection
EndGlobal
