
Microsoft Visual Studio Solution File, Format Version 12.00
# Visual Studio Version 16
VisualStudioVersion = 16.0.29728.190
MinimumVisualStudioVersion = 10.0.40219.1
Project("{FAE04EC0-301F-11D3-BF4B-00C04F79EFBC}") = "정규식", "정규식\정규식.csproj", "{B62B111F-4673-40FB-B11F-82A79AFA69FF}"
EndProject
Global
	GlobalSection(SolutionConfigurationPlatforms) = preSolution
		Debug|Any CPU = Debug|Any CPU
		Release|Any CPU = Release|Any CPU
	EndGlobalSection
	GlobalSection(ProjectConfigurationPlatforms) = postSolution
		{B62B111F-4673-40FB-B11F-82A79AFA69FF}.Debug|Any CPU.ActiveCfg = Debug|Any CPU
		{B62B111F-4673-40FB-B11F-82A79AFA69FF}.Debug|Any CPU.Build.0 = Debug|Any CPU
		{B62B111F-4673-40FB-B11F-82A79AFA69FF}.Release|Any CPU.ActiveCfg = Release|Any CPU
		{B62B111F-4673-40FB-B11F-82A79AFA69FF}.Release|Any CPU.Build.0 = Release|Any CPU
	EndGlobalSection
	GlobalSection(SolutionProperties) = preSolution
		HideSolutionNode = FALSE
	EndGlobalSection
	GlobalSection(ExtensibilityGlobals) = postSolution
		SolutionGuid = {6FB1AC50-EDF7-4870-B434-B99FDCE19115}
	EndGlobalSection
EndGlobal
