
Microsoft Visual Studio Solution File, Format Version 12.00
# Visual Studio Version 16
VisualStudioVersion = 16.0.31025.194
MinimumVisualStudioVersion = 10.0.40219.1
Project("{FAE04EC0-301F-11D3-BF4B-00C04F79EFBC}") = "Ex01", "Ex01\Ex01.csproj", "{18230066-7FC1-4A48-9AC2-B93854B476CA}"
EndProject
Global
	GlobalSection(SolutionConfigurationPlatforms) = preSolution
		Debug|Any CPU = Debug|Any CPU
		Release|Any CPU = Release|Any CPU
	EndGlobalSection
	GlobalSection(ProjectConfigurationPlatforms) = postSolution
		{18230066-7FC1-4A48-9AC2-B93854B476CA}.Debug|Any CPU.ActiveCfg = Debug|Any CPU
		{18230066-7FC1-4A48-9AC2-B93854B476CA}.Debug|Any CPU.Build.0 = Debug|Any CPU
		{18230066-7FC1-4A48-9AC2-B93854B476CA}.Release|Any CPU.ActiveCfg = Release|Any CPU
		{18230066-7FC1-4A48-9AC2-B93854B476CA}.Release|Any CPU.Build.0 = Release|Any CPU
	EndGlobalSection
	GlobalSection(SolutionProperties) = preSolution
		HideSolutionNode = FALSE
	EndGlobalSection
	GlobalSection(ExtensibilityGlobals) = postSolution
		SolutionGuid = {67259ED3-9894-40CB-B57D-A72C92D60891}
	EndGlobalSection
EndGlobal
