
Microsoft Visual Studio Solution File, Format Version 12.00
# Visual Studio Version 16
VisualStudioVersion = 16.0.30717.126
MinimumVisualStudioVersion = 10.0.40219.1
Project("{FAE04EC0-301F-11D3-BF4B-00C04F79EFBC}") = "201217_coding", "201217_coding\201217_coding.csproj", "{36BB3903-4AE3-4840-AC9E-7890F9E52325}"
EndProject
Global
	GlobalSection(SolutionConfigurationPlatforms) = preSolution
		Debug|Any CPU = Debug|Any CPU
		Release|Any CPU = Release|Any CPU
	EndGlobalSection
	GlobalSection(ProjectConfigurationPlatforms) = postSolution
		{36BB3903-4AE3-4840-AC9E-7890F9E52325}.Debug|Any CPU.ActiveCfg = Debug|Any CPU
		{36BB3903-4AE3-4840-AC9E-7890F9E52325}.Debug|Any CPU.Build.0 = Debug|Any CPU
		{36BB3903-4AE3-4840-AC9E-7890F9E52325}.Release|Any CPU.ActiveCfg = Release|Any CPU
		{36BB3903-4AE3-4840-AC9E-7890F9E52325}.Release|Any CPU.Build.0 = Release|Any CPU
	EndGlobalSection
	GlobalSection(SolutionProperties) = preSolution
		HideSolutionNode = FALSE
	EndGlobalSection
	GlobalSection(ExtensibilityGlobals) = postSolution
		SolutionGuid = {72438CF3-7F0C-4EEE-ADBF-3EDEC2663856}
	EndGlobalSection
EndGlobal
