
Microsoft Visual Studio Solution File, Format Version 12.00
# Visual Studio Version 16
VisualStudioVersion = 16.0.30717.126
MinimumVisualStudioVersion = 10.0.40219.1
Project("{FAE04EC0-301F-11D3-BF4B-00C04F79EFBC}") = "class_Review1", "class_Review1\class_Review1.csproj", "{3F941A4D-1326-4527-BDB0-7DBAE8304645}"
EndProject
Global
	GlobalSection(SolutionConfigurationPlatforms) = preSolution
		Debug|Any CPU = Debug|Any CPU
		Release|Any CPU = Release|Any CPU
	EndGlobalSection
	GlobalSection(ProjectConfigurationPlatforms) = postSolution
		{3F941A4D-1326-4527-BDB0-7DBAE8304645}.Debug|Any CPU.ActiveCfg = Debug|Any CPU
		{3F941A4D-1326-4527-BDB0-7DBAE8304645}.Debug|Any CPU.Build.0 = Debug|Any CPU
		{3F941A4D-1326-4527-BDB0-7DBAE8304645}.Release|Any CPU.ActiveCfg = Release|Any CPU
		{3F941A4D-1326-4527-BDB0-7DBAE8304645}.Release|Any CPU.Build.0 = Release|Any CPU
	EndGlobalSection
	GlobalSection(SolutionProperties) = preSolution
		HideSolutionNode = FALSE
	EndGlobalSection
	GlobalSection(ExtensibilityGlobals) = postSolution
		SolutionGuid = {A891D83E-8562-4367-93C3-C5242DB7A033}
	EndGlobalSection
EndGlobal
