
Microsoft Visual Studio Solution File, Format Version 12.00
# Visual Studio Version 16
VisualStudioVersion = 16.0.30717.126
MinimumVisualStudioVersion = 10.0.40219.1
Project("{FAE04EC0-301F-11D3-BF4B-00C04F79EFBC}") = "02_checkbox", "02_checkbox\02_checkbox.csproj", "{D2BD9BAD-FC01-40A1-B7EE-C8861C24CE27}"
EndProject
Global
	GlobalSection(SolutionConfigurationPlatforms) = preSolution
		Debug|Any CPU = Debug|Any CPU
		Release|Any CPU = Release|Any CPU
	EndGlobalSection
	GlobalSection(ProjectConfigurationPlatforms) = postSolution
		{D2BD9BAD-FC01-40A1-B7EE-C8861C24CE27}.Debug|Any CPU.ActiveCfg = Debug|Any CPU
		{D2BD9BAD-FC01-40A1-B7EE-C8861C24CE27}.Debug|Any CPU.Build.0 = Debug|Any CPU
		{D2BD9BAD-FC01-40A1-B7EE-C8861C24CE27}.Release|Any CPU.ActiveCfg = Release|Any CPU
		{D2BD9BAD-FC01-40A1-B7EE-C8861C24CE27}.Release|Any CPU.Build.0 = Release|Any CPU
	EndGlobalSection
	GlobalSection(SolutionProperties) = preSolution
		HideSolutionNode = FALSE
	EndGlobalSection
	GlobalSection(ExtensibilityGlobals) = postSolution
		SolutionGuid = {200DB191-C7A6-4485-9FA4-7C643B7F168F}
	EndGlobalSection
EndGlobal
