
Microsoft Visual Studio Solution File, Format Version 12.00
# Visual Studio Version 16
VisualStudioVersion = 16.0.30717.126
MinimumVisualStudioVersion = 10.0.40219.1
Project("{FAE04EC0-301F-11D3-BF4B-00C04F79EFBC}") = "homeWork-02", "homeWork-02\homeWork-02.csproj", "{1687834F-AEC4-47B4-9EA8-EDF59E3C793C}"
EndProject
Global
	GlobalSection(SolutionConfigurationPlatforms) = preSolution
		Debug|Any CPU = Debug|Any CPU
		Release|Any CPU = Release|Any CPU
	EndGlobalSection
	GlobalSection(ProjectConfigurationPlatforms) = postSolution
		{1687834F-AEC4-47B4-9EA8-EDF59E3C793C}.Debug|Any CPU.ActiveCfg = Debug|Any CPU
		{1687834F-AEC4-47B4-9EA8-EDF59E3C793C}.Debug|Any CPU.Build.0 = Debug|Any CPU
		{1687834F-AEC4-47B4-9EA8-EDF59E3C793C}.Release|Any CPU.ActiveCfg = Release|Any CPU
		{1687834F-AEC4-47B4-9EA8-EDF59E3C793C}.Release|Any CPU.Build.0 = Release|Any CPU
	EndGlobalSection
	GlobalSection(SolutionProperties) = preSolution
		HideSolutionNode = FALSE
	EndGlobalSection
	GlobalSection(ExtensibilityGlobals) = postSolution
		SolutionGuid = {EC4895E4-C245-4A65-9A73-D12E38DF9AE6}
	EndGlobalSection
EndGlobal
