
Microsoft Visual Studio Solution File, Format Version 12.00
# Visual Studio Version 16
VisualStudioVersion = 16.0.30717.126
MinimumVisualStudioVersion = 10.0.40219.1
Project("{FAE04EC0-301F-11D3-BF4B-00C04F79EFBC}") = "KBtalk", "KBtalk\KBtalk.csproj", "{5BA6F7F8-A759-4067-AB42-EDFF8A63E4AD}"
EndProject
Global
	GlobalSection(SolutionConfigurationPlatforms) = preSolution
		Debug|Any CPU = Debug|Any CPU
		Release|Any CPU = Release|Any CPU
	EndGlobalSection
	GlobalSection(ProjectConfigurationPlatforms) = postSolution
		{5BA6F7F8-A759-4067-AB42-EDFF8A63E4AD}.Debug|Any CPU.ActiveCfg = Debug|Any CPU
		{5BA6F7F8-A759-4067-AB42-EDFF8A63E4AD}.Debug|Any CPU.Build.0 = Debug|Any CPU
		{5BA6F7F8-A759-4067-AB42-EDFF8A63E4AD}.Release|Any CPU.ActiveCfg = Release|Any CPU
		{5BA6F7F8-A759-4067-AB42-EDFF8A63E4AD}.Release|Any CPU.Build.0 = Release|Any CPU
	EndGlobalSection
	GlobalSection(SolutionProperties) = preSolution
		HideSolutionNode = FALSE
	EndGlobalSection
	GlobalSection(ExtensibilityGlobals) = postSolution
		SolutionGuid = {5F74D147-A147-4BB9-B9F9-31E03EB55104}
	EndGlobalSection
EndGlobal
