
Microsoft Visual Studio Solution File, Format Version 12.00
# Visual Studio Version 16
VisualStudioVersion = 16.0.30717.126
MinimumVisualStudioVersion = 10.0.40219.1
Project("{FAE04EC0-301F-11D3-BF4B-00C04F79EFBC}") = "210208_arrayClass", "210208_arrayClass\210208_arrayClass.csproj", "{1A49F15F-74AA-4EB6-8029-2E2322123752}"
EndProject
Global
	GlobalSection(SolutionConfigurationPlatforms) = preSolution
		Debug|Any CPU = Debug|Any CPU
		Release|Any CPU = Release|Any CPU
	EndGlobalSection
	GlobalSection(ProjectConfigurationPlatforms) = postSolution
		{1A49F15F-74AA-4EB6-8029-2E2322123752}.Debug|Any CPU.ActiveCfg = Debug|Any CPU
		{1A49F15F-74AA-4EB6-8029-2E2322123752}.Debug|Any CPU.Build.0 = Debug|Any CPU
		{1A49F15F-74AA-4EB6-8029-2E2322123752}.Release|Any CPU.ActiveCfg = Release|Any CPU
		{1A49F15F-74AA-4EB6-8029-2E2322123752}.Release|Any CPU.Build.0 = Release|Any CPU
	EndGlobalSection
	GlobalSection(SolutionProperties) = preSolution
		HideSolutionNode = FALSE
	EndGlobalSection
	GlobalSection(ExtensibilityGlobals) = postSolution
		SolutionGuid = {9C7F9BD9-25D9-42A9-9CE1-AD872A05FD2F}
	EndGlobalSection
EndGlobal
