
Microsoft Visual Studio Solution File, Format Version 12.00
# Visual Studio Version 16
VisualStudioVersion = 16.0.30717.126
MinimumVisualStudioVersion = 10.0.40219.1
Project("{FAE04EC0-301F-11D3-BF4B-00C04F79EFBC}") = "WindowsFormsApp1", "WindowsFormsApp1\WindowsFormsApp1.csproj", "{AF478323-E187-4504-A66F-E74E62B93D62}"
EndProject
Project("{FAE04EC0-301F-11D3-BF4B-00C04F79EFBC}") = "WindowsFormsApp2", "WindowsFormsApp2\WindowsFormsApp2.csproj", "{7772D6E5-4310-4D01-B267-8CAA0687CF79}"
EndProject
Global
	GlobalSection(SolutionConfigurationPlatforms) = preSolution
		Debug|Any CPU = Debug|Any CPU
		Release|Any CPU = Release|Any CPU
	EndGlobalSection
	GlobalSection(ProjectConfigurationPlatforms) = postSolution
		{AF478323-E187-4504-A66F-E74E62B93D62}.Debug|Any CPU.ActiveCfg = Debug|Any CPU
		{AF478323-E187-4504-A66F-E74E62B93D62}.Debug|Any CPU.Build.0 = Debug|Any CPU
		{AF478323-E187-4504-A66F-E74E62B93D62}.Release|Any CPU.ActiveCfg = Release|Any CPU
		{AF478323-E187-4504-A66F-E74E62B93D62}.Release|Any CPU.Build.0 = Release|Any CPU
		{7772D6E5-4310-4D01-B267-8CAA0687CF79}.Debug|Any CPU.ActiveCfg = Debug|Any CPU
		{7772D6E5-4310-4D01-B267-8CAA0687CF79}.Debug|Any CPU.Build.0 = Debug|Any CPU
		{7772D6E5-4310-4D01-B267-8CAA0687CF79}.Release|Any CPU.ActiveCfg = Release|Any CPU
		{7772D6E5-4310-4D01-B267-8CAA0687CF79}.Release|Any CPU.Build.0 = Release|Any CPU
	EndGlobalSection
	GlobalSection(SolutionProperties) = preSolution
		HideSolutionNode = FALSE
	EndGlobalSection
	GlobalSection(ExtensibilityGlobals) = postSolution
		SolutionGuid = {C337FA72-4750-4A1F-9244-15715DF23ECF}
	EndGlobalSection
EndGlobal
