
Microsoft Visual Studio Solution File, Format Version 12.00
# Visual Studio Version 16
VisualStudioVersion = 16.0.30717.126
MinimumVisualStudioVersion = 10.0.40219.1
Project("{FAE04EC0-301F-11D3-BF4B-00C04F79EFBC}") = "201218_coding_sol", "201218_coding_sol\201218_coding_sol.csproj", "{798F3376-15D2-4F66-852A-73913FCCDDDD}"
EndProject
Project("{FAE04EC0-301F-11D3-BF4B-00C04F79EFBC}") = "Sol", "Sol\Sol.csproj", "{384FC01A-F655-4D55-B582-E75DDA482E8A}"
EndProject
Global
	GlobalSection(SolutionConfigurationPlatforms) = preSolution
		Debug|Any CPU = Debug|Any CPU
		Release|Any CPU = Release|Any CPU
	EndGlobalSection
	GlobalSection(ProjectConfigurationPlatforms) = postSolution
		{798F3376-15D2-4F66-852A-73913FCCDDDD}.Debug|Any CPU.ActiveCfg = Debug|Any CPU
		{798F3376-15D2-4F66-852A-73913FCCDDDD}.Debug|Any CPU.Build.0 = Debug|Any CPU
		{798F3376-15D2-4F66-852A-73913FCCDDDD}.Release|Any CPU.ActiveCfg = Release|Any CPU
		{798F3376-15D2-4F66-852A-73913FCCDDDD}.Release|Any CPU.Build.0 = Release|Any CPU
		{384FC01A-F655-4D55-B582-E75DDA482E8A}.Debug|Any CPU.ActiveCfg = Debug|Any CPU
		{384FC01A-F655-4D55-B582-E75DDA482E8A}.Debug|Any CPU.Build.0 = Debug|Any CPU
		{384FC01A-F655-4D55-B582-E75DDA482E8A}.Release|Any CPU.ActiveCfg = Release|Any CPU
		{384FC01A-F655-4D55-B582-E75DDA482E8A}.Release|Any CPU.Build.0 = Release|Any CPU
	EndGlobalSection
	GlobalSection(SolutionProperties) = preSolution
		HideSolutionNode = FALSE
	EndGlobalSection
	GlobalSection(ExtensibilityGlobals) = postSolution
		SolutionGuid = {2A5B685E-4B5D-4650-9FB4-65DD924CB4DC}
	EndGlobalSection
EndGlobal
