
Microsoft Visual Studio Solution File, Format Version 12.00
# Visual Studio Version 16
VisualStudioVersion = 16.0.31025.194
MinimumVisualStudioVersion = 10.0.40219.1
Project("{FAE04EC0-301F-11D3-BF4B-00C04F79EFBC}") = "Manage_car_Program", "Manage_car_Program\Manage_car_Program.csproj", "{829B0EBF-0D85-4206-9C82-46570C79AF3B}"
EndProject
Global
	GlobalSection(SolutionConfigurationPlatforms) = preSolution
		Debug|Any CPU = Debug|Any CPU
		Release|Any CPU = Release|Any CPU
	EndGlobalSection
	GlobalSection(ProjectConfigurationPlatforms) = postSolution
		{829B0EBF-0D85-4206-9C82-46570C79AF3B}.Debug|Any CPU.ActiveCfg = Debug|Any CPU
		{829B0EBF-0D85-4206-9C82-46570C79AF3B}.Debug|Any CPU.Build.0 = Debug|Any CPU
		{829B0EBF-0D85-4206-9C82-46570C79AF3B}.Release|Any CPU.ActiveCfg = Release|Any CPU
		{829B0EBF-0D85-4206-9C82-46570C79AF3B}.Release|Any CPU.Build.0 = Release|Any CPU
	EndGlobalSection
	GlobalSection(SolutionProperties) = preSolution
		HideSolutionNode = FALSE
	EndGlobalSection
	GlobalSection(ExtensibilityGlobals) = postSolution
		SolutionGuid = {16004780-D511-479A-A6B7-82E4B4636BD9}
	EndGlobalSection
EndGlobal
