
Microsoft Visual Studio Solution File, Format Version 12.00
# Visual Studio Version 16
VisualStudioVersion = 16.0.30717.126
MinimumVisualStudioVersion = 10.0.40219.1
Project("{FAE04EC0-301F-11D3-BF4B-00C04F79EFBC}") = "Car_Customer", "Car_Customer\Car_Customer.csproj", "{914C5E9E-BB25-47E0-8170-B2EFB703FBFD}"
EndProject
Global
	GlobalSection(SolutionConfigurationPlatforms) = preSolution
		Debug|Any CPU = Debug|Any CPU
		Release|Any CPU = Release|Any CPU
	EndGlobalSection
	GlobalSection(ProjectConfigurationPlatforms) = postSolution
		{914C5E9E-BB25-47E0-8170-B2EFB703FBFD}.Debug|Any CPU.ActiveCfg = Debug|Any CPU
		{914C5E9E-BB25-47E0-8170-B2EFB703FBFD}.Debug|Any CPU.Build.0 = Debug|Any CPU
		{914C5E9E-BB25-47E0-8170-B2EFB703FBFD}.Release|Any CPU.ActiveCfg = Release|Any CPU
		{914C5E9E-BB25-47E0-8170-B2EFB703FBFD}.Release|Any CPU.Build.0 = Release|Any CPU
	EndGlobalSection
	GlobalSection(SolutionProperties) = preSolution
		HideSolutionNode = FALSE
	EndGlobalSection
	GlobalSection(ExtensibilityGlobals) = postSolution
		SolutionGuid = {23BEB092-53FB-42ED-AC36-9F6B8FEF662F}
	EndGlobalSection
EndGlobal
