
Microsoft Visual Studio Solution File, Format Version 12.00
# Visual Studio Version 16
VisualStudioVersion = 16.0.30717.126
MinimumVisualStudioVersion = 10.0.40219.1
Project("{FAE04EC0-301F-11D3-BF4B-00C04F79EFBC}") = "Array_20210208", "Array_20210208\Array_20210208.csproj", "{D5CB041D-4E7B-4408-9D9D-46A67F6064A4}"
EndProject
Global
	GlobalSection(SolutionConfigurationPlatforms) = preSolution
		Debug|Any CPU = Debug|Any CPU
		Release|Any CPU = Release|Any CPU
	EndGlobalSection
	GlobalSection(ProjectConfigurationPlatforms) = postSolution
		{D5CB041D-4E7B-4408-9D9D-46A67F6064A4}.Debug|Any CPU.ActiveCfg = Debug|Any CPU
		{D5CB041D-4E7B-4408-9D9D-46A67F6064A4}.Debug|Any CPU.Build.0 = Debug|Any CPU
		{D5CB041D-4E7B-4408-9D9D-46A67F6064A4}.Release|Any CPU.ActiveCfg = Release|Any CPU
		{D5CB041D-4E7B-4408-9D9D-46A67F6064A4}.Release|Any CPU.Build.0 = Release|Any CPU
	EndGlobalSection
	GlobalSection(SolutionProperties) = preSolution
		HideSolutionNode = FALSE
	EndGlobalSection
	GlobalSection(ExtensibilityGlobals) = postSolution
		SolutionGuid = {05A77B41-0626-4E2B-9EF8-BC59F46541B9}
	EndGlobalSection
EndGlobal
