
Microsoft Visual Studio Solution File, Format Version 12.00
# Visual Studio Version 16
VisualStudioVersion = 16.0.29728.190
MinimumVisualStudioVersion = 10.0.40219.1
Project("{FAE04EC0-301F-11D3-BF4B-00C04F79EFBC}") = "JSON", "JSON\JSON.csproj", "{0D46C1CE-C984-472A-941A-936104B4ED18}"
EndProject
Global
	GlobalSection(SolutionConfigurationPlatforms) = preSolution
		Debug|Any CPU = Debug|Any CPU
		Release|Any CPU = Release|Any CPU
	EndGlobalSection
	GlobalSection(ProjectConfigurationPlatforms) = postSolution
		{0D46C1CE-C984-472A-941A-936104B4ED18}.Debug|Any CPU.ActiveCfg = Debug|Any CPU
		{0D46C1CE-C984-472A-941A-936104B4ED18}.Debug|Any CPU.Build.0 = Debug|Any CPU
		{0D46C1CE-C984-472A-941A-936104B4ED18}.Release|Any CPU.ActiveCfg = Release|Any CPU
		{0D46C1CE-C984-472A-941A-936104B4ED18}.Release|Any CPU.Build.0 = Release|Any CPU
	EndGlobalSection
	GlobalSection(SolutionProperties) = preSolution
		HideSolutionNode = FALSE
	EndGlobalSection
	GlobalSection(ExtensibilityGlobals) = postSolution
		SolutionGuid = {C3E35A8A-E3AF-476C-9816-BA21EAFFF25F}
	EndGlobalSection
EndGlobal
