
Microsoft Visual Studio Solution File, Format Version 12.00
# Visual Studio Version 16
VisualStudioVersion = 16.0.30717.126
MinimumVisualStudioVersion = 10.0.40219.1
Project("{FAE04EC0-301F-11D3-BF4B-00C04F79EFBC}") = "first", "first\first.csproj", "{0525AC5C-EA1E-4C7B-96AC-029E68B50A1B}"
EndProject
Project("{FAE04EC0-301F-11D3-BF4B-00C04F79EFBC}") = "second", "second\second.csproj", "{57C4C7E1-DA5F-425D-8C68-0B6E7CE0A8F6}"
EndProject
Project("{FAE04EC0-301F-11D3-BF4B-00C04F79EFBC}") = "third", "third\third.csproj", "{64BF9FB1-1E19-42AA-885C-DB4646FA8083}"
EndProject
Global
	GlobalSection(SolutionConfigurationPlatforms) = preSolution
		Debug|Any CPU = Debug|Any CPU
		Release|Any CPU = Release|Any CPU
	EndGlobalSection
	GlobalSection(ProjectConfigurationPlatforms) = postSolution
		{0525AC5C-EA1E-4C7B-96AC-029E68B50A1B}.Debug|Any CPU.ActiveCfg = Debug|Any CPU
		{0525AC5C-EA1E-4C7B-96AC-029E68B50A1B}.Debug|Any CPU.Build.0 = Debug|Any CPU
		{0525AC5C-EA1E-4C7B-96AC-029E68B50A1B}.Release|Any CPU.ActiveCfg = Release|Any CPU
		{0525AC5C-EA1E-4C7B-96AC-029E68B50A1B}.Release|Any CPU.Build.0 = Release|Any CPU
		{57C4C7E1-DA5F-425D-8C68-0B6E7CE0A8F6}.Debug|Any CPU.ActiveCfg = Debug|Any CPU
		{57C4C7E1-DA5F-425D-8C68-0B6E7CE0A8F6}.Debug|Any CPU.Build.0 = Debug|Any CPU
		{57C4C7E1-DA5F-425D-8C68-0B6E7CE0A8F6}.Release|Any CPU.ActiveCfg = Release|Any CPU
		{57C4C7E1-DA5F-425D-8C68-0B6E7CE0A8F6}.Release|Any CPU.Build.0 = Release|Any CPU
		{64BF9FB1-1E19-42AA-885C-DB4646FA8083}.Debug|Any CPU.ActiveCfg = Debug|Any CPU
		{64BF9FB1-1E19-42AA-885C-DB4646FA8083}.Debug|Any CPU.Build.0 = Debug|Any CPU
		{64BF9FB1-1E19-42AA-885C-DB4646FA8083}.Release|Any CPU.ActiveCfg = Release|Any CPU
		{64BF9FB1-1E19-42AA-885C-DB4646FA8083}.Release|Any CPU.Build.0 = Release|Any CPU
	EndGlobalSection
	GlobalSection(SolutionProperties) = preSolution
		HideSolutionNode = FALSE
	EndGlobalSection
	GlobalSection(ExtensibilityGlobals) = postSolution
		SolutionGuid = {30260D5E-7AE7-46A9-B04C-E2CE9F7FE08B}
	EndGlobalSection
EndGlobal
