
Microsoft Visual Studio Solution File, Format Version 12.00
# Visual Studio Version 16
VisualStudioVersion = 16.0.30717.126
MinimumVisualStudioVersion = 10.0.40219.1
Project("{FAE04EC0-301F-11D3-BF4B-00C04F79EFBC}") = "Form_Start", "Form_Start\Form_Start.csproj", "{BF22AABD-B25E-4F91-9301-59608A5BE3A5}"
EndProject
Project("{FAE04EC0-301F-11D3-BF4B-00C04F79EFBC}") = "WindowsFormsApp1", "WindowsFormsApp1\WindowsFormsApp1.csproj", "{881016A0-221F-4A28-8468-AFACCD92EEF4}"
EndProject
Global
	GlobalSection(SolutionConfigurationPlatforms) = preSolution
		Debug|Any CPU = Debug|Any CPU
		Release|Any CPU = Release|Any CPU
	EndGlobalSection
	GlobalSection(ProjectConfigurationPlatforms) = postSolution
		{BF22AABD-B25E-4F91-9301-59608A5BE3A5}.Debug|Any CPU.ActiveCfg = Debug|Any CPU
		{BF22AABD-B25E-4F91-9301-59608A5BE3A5}.Debug|Any CPU.Build.0 = Debug|Any CPU
		{BF22AABD-B25E-4F91-9301-59608A5BE3A5}.Release|Any CPU.ActiveCfg = Release|Any CPU
		{BF22AABD-B25E-4F91-9301-59608A5BE3A5}.Release|Any CPU.Build.0 = Release|Any CPU
		{881016A0-221F-4A28-8468-AFACCD92EEF4}.Debug|Any CPU.ActiveCfg = Debug|Any CPU
		{881016A0-221F-4A28-8468-AFACCD92EEF4}.Debug|Any CPU.Build.0 = Debug|Any CPU
		{881016A0-221F-4A28-8468-AFACCD92EEF4}.Release|Any CPU.ActiveCfg = Release|Any CPU
		{881016A0-221F-4A28-8468-AFACCD92EEF4}.Release|Any CPU.Build.0 = Release|Any CPU
	EndGlobalSection
	GlobalSection(SolutionProperties) = preSolution
		HideSolutionNode = FALSE
	EndGlobalSection
	GlobalSection(ExtensibilityGlobals) = postSolution
		SolutionGuid = {6B04363C-6849-42F2-8ABA-67B587D40F30}
	EndGlobalSection
EndGlobal
