
Microsoft Visual Studio Solution File, Format Version 12.00
# Visual Studio Version 16
VisualStudioVersion = 16.0.31025.194
MinimumVisualStudioVersion = 10.0.40219.1
Project("{FAE04EC0-301F-11D3-BF4B-00C04F79EFBC}") = "Ant", "Ant\Ant.csproj", "{F70F4BBD-4410-48DE-94E5-4434CE849C2D}"
EndProject
Global
	GlobalSection(SolutionConfigurationPlatforms) = preSolution
		Debug|Any CPU = Debug|Any CPU
		Release|Any CPU = Release|Any CPU
	EndGlobalSection
	GlobalSection(ProjectConfigurationPlatforms) = postSolution
		{F70F4BBD-4410-48DE-94E5-4434CE849C2D}.Debug|Any CPU.ActiveCfg = Debug|Any CPU
		{F70F4BBD-4410-48DE-94E5-4434CE849C2D}.Debug|Any CPU.Build.0 = Debug|Any CPU
		{F70F4BBD-4410-48DE-94E5-4434CE849C2D}.Release|Any CPU.ActiveCfg = Release|Any CPU
		{F70F4BBD-4410-48DE-94E5-4434CE849C2D}.Release|Any CPU.Build.0 = Release|Any CPU
	EndGlobalSection
	GlobalSection(SolutionProperties) = preSolution
		HideSolutionNode = FALSE
	EndGlobalSection
	GlobalSection(ExtensibilityGlobals) = postSolution
		SolutionGuid = {0426B3AB-A2EB-4CFE-934A-DFAFBE0D16A6}
	EndGlobalSection
EndGlobal
