
Microsoft Visual Studio Solution File, Format Version 12.00
# Visual Studio Version 16
VisualStudioVersion = 16.0.30717.126
MinimumVisualStudioVersion = 10.0.40219.1
Project("{FAE04EC0-301F-11D3-BF4B-00C04F79EFBC}") = "VerySimpleExample", "VerySimpleExample\VerySimpleExample.csproj", "{17F2F9D7-546B-4A5E-AD61-A670443CECB6}"
EndProject
Global
	GlobalSection(SolutionConfigurationPlatforms) = preSolution
		Debug|Any CPU = Debug|Any CPU
		Release|Any CPU = Release|Any CPU
	EndGlobalSection
	GlobalSection(ProjectConfigurationPlatforms) = postSolution
		{17F2F9D7-546B-4A5E-AD61-A670443CECB6}.Debug|Any CPU.ActiveCfg = Debug|Any CPU
		{17F2F9D7-546B-4A5E-AD61-A670443CECB6}.Debug|Any CPU.Build.0 = Debug|Any CPU
		{17F2F9D7-546B-4A5E-AD61-A670443CECB6}.Release|Any CPU.ActiveCfg = Release|Any CPU
		{17F2F9D7-546B-4A5E-AD61-A670443CECB6}.Release|Any CPU.Build.0 = Release|Any CPU
	EndGlobalSection
	GlobalSection(SolutionProperties) = preSolution
		HideSolutionNode = FALSE
	EndGlobalSection
	GlobalSection(ExtensibilityGlobals) = postSolution
		SolutionGuid = {EDF0BDBE-EC50-451D-8D4A-702BB6B2789A}
	EndGlobalSection
EndGlobal
