
Microsoft Visual Studio Solution File, Format Version 12.00
# Visual Studio Version 16
VisualStudioVersion = 16.0.30717.126
MinimumVisualStudioVersion = 10.0.40219.1
Project("{FAE04EC0-301F-11D3-BF4B-00C04F79EFBC}") = "studentManageProgram", "studentManageProgram\studentManageProgram.csproj", "{07A451AF-7DE3-4B4D-90AF-BA8DE1726C8A}"
EndProject
Global
	GlobalSection(SolutionConfigurationPlatforms) = preSolution
		Debug|Any CPU = Debug|Any CPU
		Release|Any CPU = Release|Any CPU
	EndGlobalSection
	GlobalSection(ProjectConfigurationPlatforms) = postSolution
		{07A451AF-7DE3-4B4D-90AF-BA8DE1726C8A}.Debug|Any CPU.ActiveCfg = Debug|Any CPU
		{07A451AF-7DE3-4B4D-90AF-BA8DE1726C8A}.Debug|Any CPU.Build.0 = Debug|Any CPU
		{07A451AF-7DE3-4B4D-90AF-BA8DE1726C8A}.Release|Any CPU.ActiveCfg = Release|Any CPU
		{07A451AF-7DE3-4B4D-90AF-BA8DE1726C8A}.Release|Any CPU.Build.0 = Release|Any CPU
	EndGlobalSection
	GlobalSection(SolutionProperties) = preSolution
		HideSolutionNode = FALSE
	EndGlobalSection
	GlobalSection(ExtensibilityGlobals) = postSolution
		SolutionGuid = {972B2FE1-36B2-432A-8C48-5E27BD963648}
	EndGlobalSection
EndGlobal
