
Microsoft Visual Studio Solution File, Format Version 12.00
# Visual Studio Version 16
VisualStudioVersion = 16.0.30717.126
MinimumVisualStudioVersion = 10.0.40219.1
Project("{FAE04EC0-301F-11D3-BF4B-00C04F79EFBC}") = "_20210128_Calc", "_20210128_Calc\_20210128_Calc.csproj", "{46C99186-23C5-4EFC-9910-510951EC492D}"
EndProject
Global
	GlobalSection(SolutionConfigurationPlatforms) = preSolution
		Debug|Any CPU = Debug|Any CPU
		Release|Any CPU = Release|Any CPU
	EndGlobalSection
	GlobalSection(ProjectConfigurationPlatforms) = postSolution
		{46C99186-23C5-4EFC-9910-510951EC492D}.Debug|Any CPU.ActiveCfg = Debug|Any CPU
		{46C99186-23C5-4EFC-9910-510951EC492D}.Debug|Any CPU.Build.0 = Debug|Any CPU
		{46C99186-23C5-4EFC-9910-510951EC492D}.Release|Any CPU.ActiveCfg = Release|Any CPU
		{46C99186-23C5-4EFC-9910-510951EC492D}.Release|Any CPU.Build.0 = Release|Any CPU
	EndGlobalSection
	GlobalSection(SolutionProperties) = preSolution
		HideSolutionNode = FALSE
	EndGlobalSection
	GlobalSection(ExtensibilityGlobals) = postSolution
		SolutionGuid = {977B42E5-CBF0-453C-9729-78EC39D7BE4A}
	EndGlobalSection
EndGlobal
