
Microsoft Visual Studio Solution File, Format Version 12.00
# Visual Studio Version 16
VisualStudioVersion = 16.0.30717.126
MinimumVisualStudioVersion = 10.0.40219.1
Project("{FAE04EC0-301F-11D3-BF4B-00C04F79EFBC}") = "Problem1_2", "Problem1_2\Problem1_2.csproj", "{89AF50CD-99AB-4C92-8052-8284FB995565}"
EndProject
Global
	GlobalSection(SolutionConfigurationPlatforms) = preSolution
		Debug|Any CPU = Debug|Any CPU
		Release|Any CPU = Release|Any CPU
	EndGlobalSection
	GlobalSection(ProjectConfigurationPlatforms) = postSolution
		{89AF50CD-99AB-4C92-8052-8284FB995565}.Debug|Any CPU.ActiveCfg = Debug|Any CPU
		{89AF50CD-99AB-4C92-8052-8284FB995565}.Debug|Any CPU.Build.0 = Debug|Any CPU
		{89AF50CD-99AB-4C92-8052-8284FB995565}.Release|Any CPU.ActiveCfg = Release|Any CPU
		{89AF50CD-99AB-4C92-8052-8284FB995565}.Release|Any CPU.Build.0 = Release|Any CPU
	EndGlobalSection
	GlobalSection(SolutionProperties) = preSolution
		HideSolutionNode = FALSE
	EndGlobalSection
	GlobalSection(ExtensibilityGlobals) = postSolution
		SolutionGuid = {6A34ECF7-4E11-44BA-9E32-9FB90E052849}
	EndGlobalSection
EndGlobal
