
Microsoft Visual Studio Solution File, Format Version 12.00
# Visual Studio Version 16
VisualStudioVersion = 16.0.31025.194
MinimumVisualStudioVersion = 10.0.40219.1
Project("{FAE04EC0-301F-11D3-BF4B-00C04F79EFBC}") = "Problem", "Problem\Problem.csproj", "{DE975904-8F6D-43DA-814A-CBBD5F3D354A}"
EndProject
Global
	GlobalSection(SolutionConfigurationPlatforms) = preSolution
		Debug|Any CPU = Debug|Any CPU
		Release|Any CPU = Release|Any CPU
	EndGlobalSection
	GlobalSection(ProjectConfigurationPlatforms) = postSolution
		{DE975904-8F6D-43DA-814A-CBBD5F3D354A}.Debug|Any CPU.ActiveCfg = Debug|Any CPU
		{DE975904-8F6D-43DA-814A-CBBD5F3D354A}.Debug|Any CPU.Build.0 = Debug|Any CPU
		{DE975904-8F6D-43DA-814A-CBBD5F3D354A}.Release|Any CPU.ActiveCfg = Release|Any CPU
		{DE975904-8F6D-43DA-814A-CBBD5F3D354A}.Release|Any CPU.Build.0 = Release|Any CPU
	EndGlobalSection
	GlobalSection(SolutionProperties) = preSolution
		HideSolutionNode = FALSE
	EndGlobalSection
	GlobalSection(ExtensibilityGlobals) = postSolution
		SolutionGuid = {8DEB773A-5A13-45DD-8595-493A4973DFD4}
	EndGlobalSection
EndGlobal
