
Microsoft Visual Studio Solution File, Format Version 12.00
# Visual Studio Version 16
VisualStudioVersion = 16.0.30717.126
MinimumVisualStudioVersion = 10.0.40219.1
Project("{FAE04EC0-301F-11D3-BF4B-00C04F79EFBC}") = "2_class", "2_class\2_class.csproj", "{26114747-23C3-4E44-8FC1-830094A505B8}"
EndProject
Project("{FAE04EC0-301F-11D3-BF4B-00C04F79EFBC}") = "3_munje1_mine", "3_munje1_mine\3_munje1_mine.csproj", "{B6BA7A07-336F-46C8-B597-078195D247C4}"
EndProject
Project("{FAE04EC0-301F-11D3-BF4B-00C04F79EFBC}") = "4_mun1_Samdab", "4_mun1_Samdab\4_mun1_Samdab.csproj", "{D68B3F28-C04A-4285-ADAA-A4ABE9F2F8F6}"
EndProject
Global
	GlobalSection(SolutionConfigurationPlatforms) = preSolution
		Debug|Any CPU = Debug|Any CPU
		Release|Any CPU = Release|Any CPU
	EndGlobalSection
	GlobalSection(ProjectConfigurationPlatforms) = postSolution
		{26114747-23C3-4E44-8FC1-830094A505B8}.Debug|Any CPU.ActiveCfg = Debug|Any CPU
		{26114747-23C3-4E44-8FC1-830094A505B8}.Debug|Any CPU.Build.0 = Debug|Any CPU
		{26114747-23C3-4E44-8FC1-830094A505B8}.Release|Any CPU.ActiveCfg = Release|Any CPU
		{26114747-23C3-4E44-8FC1-830094A505B8}.Release|Any CPU.Build.0 = Release|Any CPU
		{B6BA7A07-336F-46C8-B597-078195D247C4}.Debug|Any CPU.ActiveCfg = Debug|Any CPU
		{B6BA7A07-336F-46C8-B597-078195D247C4}.Debug|Any CPU.Build.0 = Debug|Any CPU
		{B6BA7A07-336F-46C8-B597-078195D247C4}.Release|Any CPU.ActiveCfg = Release|Any CPU
		{B6BA7A07-336F-46C8-B597-078195D247C4}.Release|Any CPU.Build.0 = Release|Any CPU
		{D68B3F28-C04A-4285-ADAA-A4ABE9F2F8F6}.Debug|Any CPU.ActiveCfg = Debug|Any CPU
		{D68B3F28-C04A-4285-ADAA-A4ABE9F2F8F6}.Debug|Any CPU.Build.0 = Debug|Any CPU
		{D68B3F28-C04A-4285-ADAA-A4ABE9F2F8F6}.Release|Any CPU.ActiveCfg = Release|Any CPU
		{D68B3F28-C04A-4285-ADAA-A4ABE9F2F8F6}.Release|Any CPU.Build.0 = Release|Any CPU
	EndGlobalSection
	GlobalSection(SolutionProperties) = preSolution
		HideSolutionNode = FALSE
	EndGlobalSection
	GlobalSection(ExtensibilityGlobals) = postSolution
		SolutionGuid = {572A488A-C7F9-4689-8717-E8B1D4CB80C1}
	EndGlobalSection
EndGlobal
