
Microsoft Visual Studio Solution File, Format Version 12.00
# Visual Studio Version 16
VisualStudioVersion = 16.0.30717.126
MinimumVisualStudioVersion = 10.0.40219.1
Project("{FAE04EC0-301F-11D3-BF4B-00C04F79EFBC}") = "winApp1", "winApp1\winApp1.csproj", "{410CAA44-7356-4D72-B2C9-0E6046060FFB}"
EndProject
Project("{FAE04EC0-301F-11D3-BF4B-00C04F79EFBC}") = "winApp2", "winApp2\winApp2.csproj", "{2DC5CE8F-B180-4C10-BA78-8FA9080F72BD}"
EndProject
Global
	GlobalSection(SolutionConfigurationPlatforms) = preSolution
		Debug|Any CPU = Debug|Any CPU
		Release|Any CPU = Release|Any CPU
	EndGlobalSection
	GlobalSection(ProjectConfigurationPlatforms) = postSolution
		{410CAA44-7356-4D72-B2C9-0E6046060FFB}.Debug|Any CPU.ActiveCfg = Debug|Any CPU
		{410CAA44-7356-4D72-B2C9-0E6046060FFB}.Debug|Any CPU.Build.0 = Debug|Any CPU
		{410CAA44-7356-4D72-B2C9-0E6046060FFB}.Release|Any CPU.ActiveCfg = Release|Any CPU
		{410CAA44-7356-4D72-B2C9-0E6046060FFB}.Release|Any CPU.Build.0 = Release|Any CPU
		{2DC5CE8F-B180-4C10-BA78-8FA9080F72BD}.Debug|Any CPU.ActiveCfg = Debug|Any CPU
		{2DC5CE8F-B180-4C10-BA78-8FA9080F72BD}.Debug|Any CPU.Build.0 = Debug|Any CPU
		{2DC5CE8F-B180-4C10-BA78-8FA9080F72BD}.Release|Any CPU.ActiveCfg = Release|Any CPU
		{2DC5CE8F-B180-4C10-BA78-8FA9080F72BD}.Release|Any CPU.Build.0 = Release|Any CPU
	EndGlobalSection
	GlobalSection(SolutionProperties) = preSolution
		HideSolutionNode = FALSE
	EndGlobalSection
	GlobalSection(ExtensibilityGlobals) = postSolution
		SolutionGuid = {D4CE621E-4649-40D9-86DA-3D012FCE40D9}
	EndGlobalSection
EndGlobal
