
Microsoft Visual Studio Solution File, Format Version 12.00
# Visual Studio Version 16
VisualStudioVersion = 16.0.30717.126
MinimumVisualStudioVersion = 10.0.40219.1
Project("{FAE04EC0-301F-11D3-BF4B-00C04F79EFBC}") = "Socket", "Socket\Socket.csproj", "{5C648C0B-BEB8-4286-B7D3-90ACC6A20F12}"
EndProject
Project("{FAE04EC0-301F-11D3-BF4B-00C04F79EFBC}") = "server", "server\server.csproj", "{DA974B09-5724-447A-ABD9-8B2F062D9B0F}"
EndProject
Project("{FAE04EC0-301F-11D3-BF4B-00C04F79EFBC}") = "client", "client\client.csproj", "{67003B34-5D5D-45E4-85EE-6614737BC9F8}"
EndProject
Project("{FAE04EC0-301F-11D3-BF4B-00C04F79EFBC}") = "serverAsync", "serverAsync\serverAsync.csproj", "{42AE8152-9477-45CF-BD84-307B32B58D73}"
EndProject
Global
	GlobalSection(SolutionConfigurationPlatforms) = preSolution
		Debug|Any CPU = Debug|Any CPU
		Release|Any CPU = Release|Any CPU
	EndGlobalSection
	GlobalSection(ProjectConfigurationPlatforms) = postSolution
		{5C648C0B-BEB8-4286-B7D3-90ACC6A20F12}.Debug|Any CPU.ActiveCfg = Debug|Any CPU
		{5C648C0B-BEB8-4286-B7D3-90ACC6A20F12}.Debug|Any CPU.Build.0 = Debug|Any CPU
		{5C648C0B-BEB8-4286-B7D3-90ACC6A20F12}.Release|Any CPU.ActiveCfg = Release|Any CPU
		{5C648C0B-BEB8-4286-B7D3-90ACC6A20F12}.Release|Any CPU.Build.0 = Release|Any CPU
		{DA974B09-5724-447A-ABD9-8B2F062D9B0F}.Debug|Any CPU.ActiveCfg = Debug|Any CPU
		{DA974B09-5724-447A-ABD9-8B2F062D9B0F}.Debug|Any CPU.Build.0 = Debug|Any CPU
		{DA974B09-5724-447A-ABD9-8B2F062D9B0F}.Release|Any CPU.ActiveCfg = Release|Any CPU
		{DA974B09-5724-447A-ABD9-8B2F062D9B0F}.Release|Any CPU.Build.0 = Release|Any CPU
		{67003B34-5D5D-45E4-85EE-6614737BC9F8}.Debug|Any CPU.ActiveCfg = Debug|Any CPU
		{67003B34-5D5D-45E4-85EE-6614737BC9F8}.Debug|Any CPU.Build.0 = Debug|Any CPU
		{67003B34-5D5D-45E4-85EE-6614737BC9F8}.Release|Any CPU.ActiveCfg = Release|Any CPU
		{67003B34-5D5D-45E4-85EE-6614737BC9F8}.Release|Any CPU.Build.0 = Release|Any CPU
		{42AE8152-9477-45CF-BD84-307B32B58D73}.Debug|Any CPU.ActiveCfg = Debug|Any CPU
		{42AE8152-9477-45CF-BD84-307B32B58D73}.Debug|Any CPU.Build.0 = Debug|Any CPU
		{42AE8152-9477-45CF-BD84-307B32B58D73}.Release|Any CPU.ActiveCfg = Release|Any CPU
		{42AE8152-9477-45CF-BD84-307B32B58D73}.Release|Any CPU.Build.0 = Release|Any CPU
	EndGlobalSection
	GlobalSection(SolutionProperties) = preSolution
		HideSolutionNode = FALSE
	EndGlobalSection
	GlobalSection(ExtensibilityGlobals) = postSolution
		SolutionGuid = {30418CE5-9516-46C4-ADD8-9C83A578E6A0}
	EndGlobalSection
EndGlobal
