
Microsoft Visual Studio Solution File, Format Version 12.00
# Visual Studio Version 16
VisualStudioVersion = 16.0.30717.126
MinimumVisualStudioVersion = 10.0.40219.1
Project("{FAE04EC0-301F-11D3-BF4B-00C04F79EFBC}") = "adressTest0218", "adressTest0218\adressTest0218.csproj", "{BD0AE982-28AD-4941-9A20-0F04B976D1BC}"
EndProject
Global
	GlobalSection(SolutionConfigurationPlatforms) = preSolution
		Debug|Any CPU = Debug|Any CPU
		Release|Any CPU = Release|Any CPU
	EndGlobalSection
	GlobalSection(ProjectConfigurationPlatforms) = postSolution
		{BD0AE982-28AD-4941-9A20-0F04B976D1BC}.Debug|Any CPU.ActiveCfg = Debug|Any CPU
		{BD0AE982-28AD-4941-9A20-0F04B976D1BC}.Debug|Any CPU.Build.0 = Debug|Any CPU
		{BD0AE982-28AD-4941-9A20-0F04B976D1BC}.Release|Any CPU.ActiveCfg = Release|Any CPU
		{BD0AE982-28AD-4941-9A20-0F04B976D1BC}.Release|Any CPU.Build.0 = Release|Any CPU
	EndGlobalSection
	GlobalSection(SolutionProperties) = preSolution
		HideSolutionNode = FALSE
	EndGlobalSection
	GlobalSection(ExtensibilityGlobals) = postSolution
		SolutionGuid = {4BA21709-06B0-46F7-85FA-DBEABED867B2}
	EndGlobalSection
EndGlobal
