
Microsoft Visual Studio Solution File, Format Version 12.00
# Visual Studio Version 16
VisualStudioVersion = 16.0.30717.126
MinimumVisualStudioVersion = 10.0.40219.1
Project("{FAE04EC0-301F-11D3-BF4B-00C04F79EFBC}") = "20201231시험", "20201231시험\20201231시험.csproj", "{13032AD1-6F1F-4A91-90F0-65FC8C7040BD}"
EndProject
Global
	GlobalSection(SolutionConfigurationPlatforms) = preSolution
		Debug|Any CPU = Debug|Any CPU
		Release|Any CPU = Release|Any CPU
	EndGlobalSection
	GlobalSection(ProjectConfigurationPlatforms) = postSolution
		{13032AD1-6F1F-4A91-90F0-65FC8C7040BD}.Debug|Any CPU.ActiveCfg = Debug|Any CPU
		{13032AD1-6F1F-4A91-90F0-65FC8C7040BD}.Debug|Any CPU.Build.0 = Debug|Any CPU
		{13032AD1-6F1F-4A91-90F0-65FC8C7040BD}.Release|Any CPU.ActiveCfg = Release|Any CPU
		{13032AD1-6F1F-4A91-90F0-65FC8C7040BD}.Release|Any CPU.Build.0 = Release|Any CPU
	EndGlobalSection
	GlobalSection(SolutionProperties) = preSolution
		HideSolutionNode = FALSE
	EndGlobalSection
	GlobalSection(ExtensibilityGlobals) = postSolution
		SolutionGuid = {F96A31CC-CE26-4BA9-82A2-8B765A2C255D}
	EndGlobalSection
EndGlobal
