
Microsoft Visual Studio Solution File, Format Version 12.00
# Visual Studio Version 16
VisualStudioVersion = 16.0.31025.194
MinimumVisualStudioVersion = 10.0.40219.1
Project("{FAE04EC0-301F-11D3-BF4B-00C04F79EFBC}") = "Chap07", "Chap07\Chap07.csproj", "{2B32C44C-FBD4-4753-B416-589DC6BB55D9}"
EndProject
Global
	GlobalSection(SolutionConfigurationPlatforms) = preSolution
		Debug|Any CPU = Debug|Any CPU
		Release|Any CPU = Release|Any CPU
	EndGlobalSection
	GlobalSection(ProjectConfigurationPlatforms) = postSolution
		{2B32C44C-FBD4-4753-B416-589DC6BB55D9}.Debug|Any CPU.ActiveCfg = Debug|Any CPU
		{2B32C44C-FBD4-4753-B416-589DC6BB55D9}.Debug|Any CPU.Build.0 = Debug|Any CPU
		{2B32C44C-FBD4-4753-B416-589DC6BB55D9}.Release|Any CPU.ActiveCfg = Release|Any CPU
		{2B32C44C-FBD4-4753-B416-589DC6BB55D9}.Release|Any CPU.Build.0 = Release|Any CPU
	EndGlobalSection
	GlobalSection(SolutionProperties) = preSolution
		HideSolutionNode = FALSE
	EndGlobalSection
	GlobalSection(ExtensibilityGlobals) = postSolution
		SolutionGuid = {159F7D1D-88BE-4A2B-9B92-0E89D07B3AF2}
	EndGlobalSection
EndGlobal
