
Microsoft Visual Studio Solution File, Format Version 12.00
# Visual Studio Version 16
VisualStudioVersion = 16.0.30717.126
MinimumVisualStudioVersion = 10.0.40219.1
Project("{FAE04EC0-301F-11D3-BF4B-00C04F79EFBC}") = "makeCalc", "makeCalc\makeCalc.csproj", "{48BDE198-C279-4411-BA2F-79FB15B494D2}"
EndProject
Project("{FAE04EC0-301F-11D3-BF4B-00C04F79EFBC}") = "calc_sam2", "calc_sam2\calc_sam2.csproj", "{A10B82D5-7409-4BB5-9E54-70DCA675CB4F}"
EndProject
Global
	GlobalSection(SolutionConfigurationPlatforms) = preSolution
		Debug|Any CPU = Debug|Any CPU
		Release|Any CPU = Release|Any CPU
	EndGlobalSection
	GlobalSection(ProjectConfigurationPlatforms) = postSolution
		{48BDE198-C279-4411-BA2F-79FB15B494D2}.Debug|Any CPU.ActiveCfg = Debug|Any CPU
		{48BDE198-C279-4411-BA2F-79FB15B494D2}.Debug|Any CPU.Build.0 = Debug|Any CPU
		{48BDE198-C279-4411-BA2F-79FB15B494D2}.Release|Any CPU.ActiveCfg = Release|Any CPU
		{48BDE198-C279-4411-BA2F-79FB15B494D2}.Release|Any CPU.Build.0 = Release|Any CPU
		{A10B82D5-7409-4BB5-9E54-70DCA675CB4F}.Debug|Any CPU.ActiveCfg = Debug|Any CPU
		{A10B82D5-7409-4BB5-9E54-70DCA675CB4F}.Debug|Any CPU.Build.0 = Debug|Any CPU
		{A10B82D5-7409-4BB5-9E54-70DCA675CB4F}.Release|Any CPU.ActiveCfg = Release|Any CPU
		{A10B82D5-7409-4BB5-9E54-70DCA675CB4F}.Release|Any CPU.Build.0 = Release|Any CPU
	EndGlobalSection
	GlobalSection(SolutionProperties) = preSolution
		HideSolutionNode = FALSE
	EndGlobalSection
	GlobalSection(ExtensibilityGlobals) = postSolution
		SolutionGuid = {38B929AD-0FC2-4B2F-9D3C-E552950A83D7}
	EndGlobalSection
EndGlobal
