
Microsoft Visual Studio Solution File, Format Version 12.00
# Visual Studio Version 16
VisualStudioVersion = 16.0.30717.126
MinimumVisualStudioVersion = 10.0.40219.1
Project("{FAE04EC0-301F-11D3-BF4B-00C04F79EFBC}") = "VerySimpleExample", "VerySimpleExample\VerySimpleExample.csproj", "{3E0CCB6B-B69D-433C-BA62-05F230D21D03}"
EndProject
Global
	GlobalSection(SolutionConfigurationPlatforms) = preSolution
		Debug|Any CPU = Debug|Any CPU
		Release|Any CPU = Release|Any CPU
	EndGlobalSection
	GlobalSection(ProjectConfigurationPlatforms) = postSolution
		{3E0CCB6B-B69D-433C-BA62-05F230D21D03}.Debug|Any CPU.ActiveCfg = Debug|Any CPU
		{3E0CCB6B-B69D-433C-BA62-05F230D21D03}.Debug|Any CPU.Build.0 = Debug|Any CPU
		{3E0CCB6B-B69D-433C-BA62-05F230D21D03}.Release|Any CPU.ActiveCfg = Release|Any CPU
		{3E0CCB6B-B69D-433C-BA62-05F230D21D03}.Release|Any CPU.Build.0 = Release|Any CPU
	EndGlobalSection
	GlobalSection(SolutionProperties) = preSolution
		HideSolutionNode = FALSE
	EndGlobalSection
	GlobalSection(ExtensibilityGlobals) = postSolution
		SolutionGuid = {FE225095-2EF9-41A9-94E8-717BB83066F4}
	EndGlobalSection
EndGlobal
