
Microsoft Visual Studio Solution File, Format Version 12.00
# Visual Studio Version 16
VisualStudioVersion = 16.0.30717.126
MinimumVisualStudioVersion = 10.0.40219.1
Project("{FAE04EC0-301F-11D3-BF4B-00C04F79EFBC}") = "MessageBox1", "MessageBox1\MessageBox1.csproj", "{6827C22C-DC6E-4C8B-A124-9B29E50E826F}"
EndProject
Global
	GlobalSection(SolutionConfigurationPlatforms) = preSolution
		Debug|Any CPU = Debug|Any CPU
		Release|Any CPU = Release|Any CPU
	EndGlobalSection
	GlobalSection(ProjectConfigurationPlatforms) = postSolution
		{6827C22C-DC6E-4C8B-A124-9B29E50E826F}.Debug|Any CPU.ActiveCfg = Debug|Any CPU
		{6827C22C-DC6E-4C8B-A124-9B29E50E826F}.Debug|Any CPU.Build.0 = Debug|Any CPU
		{6827C22C-DC6E-4C8B-A124-9B29E50E826F}.Release|Any CPU.ActiveCfg = Release|Any CPU
		{6827C22C-DC6E-4C8B-A124-9B29E50E826F}.Release|Any CPU.Build.0 = Release|Any CPU
	EndGlobalSection
	GlobalSection(SolutionProperties) = preSolution
		HideSolutionNode = FALSE
	EndGlobalSection
	GlobalSection(ExtensibilityGlobals) = postSolution
		SolutionGuid = {DE3D3532-B5FB-4FEB-804D-3FA558EF7775}
	EndGlobalSection
EndGlobal
