
Microsoft Visual Studio Solution File, Format Version 12.00
# Visual Studio Version 16
VisualStudioVersion = 16.0.30717.126
MinimumVisualStudioVersion = 10.0.40219.1
Project("{FAE04EC0-301F-11D3-BF4B-00C04F79EFBC}") = "Calculator", "Calculator\Calculator.csproj", "{A98F2FEE-C321-434A-8D1A-9FC2DFCB562D}"
EndProject
Global
	GlobalSection(SolutionConfigurationPlatforms) = preSolution
		Debug|Any CPU = Debug|Any CPU
		Release|Any CPU = Release|Any CPU
	EndGlobalSection
	GlobalSection(ProjectConfigurationPlatforms) = postSolution
		{A98F2FEE-C321-434A-8D1A-9FC2DFCB562D}.Debug|Any CPU.ActiveCfg = Debug|Any CPU
		{A98F2FEE-C321-434A-8D1A-9FC2DFCB562D}.Debug|Any CPU.Build.0 = Debug|Any CPU
		{A98F2FEE-C321-434A-8D1A-9FC2DFCB562D}.Release|Any CPU.ActiveCfg = Release|Any CPU
		{A98F2FEE-C321-434A-8D1A-9FC2DFCB562D}.Release|Any CPU.Build.0 = Release|Any CPU
	EndGlobalSection
	GlobalSection(SolutionProperties) = preSolution
		HideSolutionNode = FALSE
	EndGlobalSection
	GlobalSection(ExtensibilityGlobals) = postSolution
		SolutionGuid = {85D2C3C9-6618-4451-B89D-FF162122AA46}
	EndGlobalSection
EndGlobal
