
Microsoft Visual Studio Solution File, Format Version 12.00
# Visual Studio Version 16
VisualStudioVersion = 16.0.30717.126
MinimumVisualStudioVersion = 10.0.40219.1
Project("{FAE04EC0-301F-11D3-BF4B-00C04F79EFBC}") = "WindowsFormsApp1", "WindowsFormsApp1\WindowsFormsApp1.csproj", "{2A67B6DA-DF8F-4EDF-81E9-2AA97B9A9B51}"
EndProject
Global
	GlobalSection(SolutionConfigurationPlatforms) = preSolution
		Debug|Any CPU = Debug|Any CPU
		Release|Any CPU = Release|Any CPU
	EndGlobalSection
	GlobalSection(ProjectConfigurationPlatforms) = postSolution
		{2A67B6DA-DF8F-4EDF-81E9-2AA97B9A9B51}.Debug|Any CPU.ActiveCfg = Debug|Any CPU
		{2A67B6DA-DF8F-4EDF-81E9-2AA97B9A9B51}.Debug|Any CPU.Build.0 = Debug|Any CPU
		{2A67B6DA-DF8F-4EDF-81E9-2AA97B9A9B51}.Release|Any CPU.ActiveCfg = Release|Any CPU
		{2A67B6DA-DF8F-4EDF-81E9-2AA97B9A9B51}.Release|Any CPU.Build.0 = Release|Any CPU
	EndGlobalSection
	GlobalSection(SolutionProperties) = preSolution
		HideSolutionNode = FALSE
	EndGlobalSection
	GlobalSection(ExtensibilityGlobals) = postSolution
		SolutionGuid = {844ADA17-FD5B-4E68-A5AC-13CEB8593F72}
	EndGlobalSection
EndGlobal
