
Microsoft Visual Studio Solution File, Format Version 12.00
# Visual Studio Version 16
VisualStudioVersion = 16.0.30717.126
MinimumVisualStudioVersion = 10.0.40219.1
Project("{FAE04EC0-301F-11D3-BF4B-00C04F79EFBC}") = "Review_of_201217", "Review_of_201217\Review_of_201217.csproj", "{B650DBD6-236D-4BAE-930A-F19037F4F8BD}"
EndProject
Project("{FAE04EC0-301F-11D3-BF4B-00C04F79EFBC}") = "Answer_Problem", "Answer_Problem\Answer_Problem.csproj", "{0A9014F3-C8A4-4FD6-B1B5-D02DFB18BA32}"
EndProject
Global
	GlobalSection(SolutionConfigurationPlatforms) = preSolution
		Debug|Any CPU = Debug|Any CPU
		Release|Any CPU = Release|Any CPU
	EndGlobalSection
	GlobalSection(ProjectConfigurationPlatforms) = postSolution
		{B650DBD6-236D-4BAE-930A-F19037F4F8BD}.Debug|Any CPU.ActiveCfg = Debug|Any CPU
		{B650DBD6-236D-4BAE-930A-F19037F4F8BD}.Debug|Any CPU.Build.0 = Debug|Any CPU
		{B650DBD6-236D-4BAE-930A-F19037F4F8BD}.Release|Any CPU.ActiveCfg = Release|Any CPU
		{B650DBD6-236D-4BAE-930A-F19037F4F8BD}.Release|Any CPU.Build.0 = Release|Any CPU
		{0A9014F3-C8A4-4FD6-B1B5-D02DFB18BA32}.Debug|Any CPU.ActiveCfg = Debug|Any CPU
		{0A9014F3-C8A4-4FD6-B1B5-D02DFB18BA32}.Debug|Any CPU.Build.0 = Debug|Any CPU
		{0A9014F3-C8A4-4FD6-B1B5-D02DFB18BA32}.Release|Any CPU.ActiveCfg = Release|Any CPU
		{0A9014F3-C8A4-4FD6-B1B5-D02DFB18BA32}.Release|Any CPU.Build.0 = Release|Any CPU
	EndGlobalSection
	GlobalSection(SolutionProperties) = preSolution
		HideSolutionNode = FALSE
	EndGlobalSection
	GlobalSection(ExtensibilityGlobals) = postSolution
		SolutionGuid = {ED8E3C25-BBBE-4FCC-9E70-B489F8374305}
	EndGlobalSection
EndGlobal
