
Microsoft Visual Studio Solution File, Format Version 12.00
# Visual Studio Version 16
VisualStudioVersion = 16.0.30717.126
MinimumVisualStudioVersion = 10.0.40219.1
Project("{FAE04EC0-301F-11D3-BF4B-00C04F79EFBC}") = "D1", "D1\D1.csproj", "{12061BE1-5ADE-4DDB-8256-087057B64E34}"
EndProject
Project("{FAE04EC0-301F-11D3-BF4B-00C04F79EFBC}") = "D2", "D2\D2.csproj", "{6AFE194E-DA55-49B7-A5CA-4EB4363F9768}"
EndProject
Global
	GlobalSection(SolutionConfigurationPlatforms) = preSolution
		Debug|Any CPU = Debug|Any CPU
		Release|Any CPU = Release|Any CPU
	EndGlobalSection
	GlobalSection(ProjectConfigurationPlatforms) = postSolution
		{12061BE1-5ADE-4DDB-8256-087057B64E34}.Debug|Any CPU.ActiveCfg = Debug|Any CPU
		{12061BE1-5ADE-4DDB-8256-087057B64E34}.Debug|Any CPU.Build.0 = Debug|Any CPU
		{12061BE1-5ADE-4DDB-8256-087057B64E34}.Release|Any CPU.ActiveCfg = Release|Any CPU
		{12061BE1-5ADE-4DDB-8256-087057B64E34}.Release|Any CPU.Build.0 = Release|Any CPU
		{6AFE194E-DA55-49B7-A5CA-4EB4363F9768}.Debug|Any CPU.ActiveCfg = Debug|Any CPU
		{6AFE194E-DA55-49B7-A5CA-4EB4363F9768}.Debug|Any CPU.Build.0 = Debug|Any CPU
		{6AFE194E-DA55-49B7-A5CA-4EB4363F9768}.Release|Any CPU.ActiveCfg = Release|Any CPU
		{6AFE194E-DA55-49B7-A5CA-4EB4363F9768}.Release|Any CPU.Build.0 = Release|Any CPU
	EndGlobalSection
	GlobalSection(SolutionProperties) = preSolution
		HideSolutionNode = FALSE
	EndGlobalSection
	GlobalSection(ExtensibilityGlobals) = postSolution
		SolutionGuid = {CD1C6F62-448F-425D-9266-4776EFD26D13}
	EndGlobalSection
EndGlobal
