
Microsoft Visual Studio Solution File, Format Version 12.00
# Visual Studio Version 16
VisualStudioVersion = 16.0.30717.126
MinimumVisualStudioVersion = 10.0.40219.1
Project("{FAE04EC0-301F-11D3-BF4B-00C04F79EFBC}") = "210208_class", "210208_class\210208_class.csproj", "{FFE6F49E-2072-4299-BE8F-A7F352AC0C3C}"
EndProject
Global
	GlobalSection(SolutionConfigurationPlatforms) = preSolution
		Debug|Any CPU = Debug|Any CPU
		Release|Any CPU = Release|Any CPU
	EndGlobalSection
	GlobalSection(ProjectConfigurationPlatforms) = postSolution
		{FFE6F49E-2072-4299-BE8F-A7F352AC0C3C}.Debug|Any CPU.ActiveCfg = Debug|Any CPU
		{FFE6F49E-2072-4299-BE8F-A7F352AC0C3C}.Debug|Any CPU.Build.0 = Debug|Any CPU
		{FFE6F49E-2072-4299-BE8F-A7F352AC0C3C}.Release|Any CPU.ActiveCfg = Release|Any CPU
		{FFE6F49E-2072-4299-BE8F-A7F352AC0C3C}.Release|Any CPU.Build.0 = Release|Any CPU
	EndGlobalSection
	GlobalSection(SolutionProperties) = preSolution
		HideSolutionNode = FALSE
	EndGlobalSection
	GlobalSection(ExtensibilityGlobals) = postSolution
		SolutionGuid = {38082281-1A74-4900-8F11-4D3C5C2AA9A0}
	EndGlobalSection
EndGlobal
