
Microsoft Visual Studio Solution File, Format Version 12.00
# Visual Studio Version 16
VisualStudioVersion = 16.0.30717.126
MinimumVisualStudioVersion = 10.0.40219.1
Project("{FAE04EC0-301F-11D3-BF4B-00C04F79EFBC}") = "210221_01", "210221_01\210221_01.csproj", "{DD9617BD-57C4-4D94-9A5C-A4999709FC23}"
EndProject
Global
	GlobalSection(SolutionConfigurationPlatforms) = preSolution
		Debug|Any CPU = Debug|Any CPU
		Release|Any CPU = Release|Any CPU
	EndGlobalSection
	GlobalSection(ProjectConfigurationPlatforms) = postSolution
		{DD9617BD-57C4-4D94-9A5C-A4999709FC23}.Debug|Any CPU.ActiveCfg = Debug|Any CPU
		{DD9617BD-57C4-4D94-9A5C-A4999709FC23}.Debug|Any CPU.Build.0 = Debug|Any CPU
		{DD9617BD-57C4-4D94-9A5C-A4999709FC23}.Release|Any CPU.ActiveCfg = Release|Any CPU
		{DD9617BD-57C4-4D94-9A5C-A4999709FC23}.Release|Any CPU.Build.0 = Release|Any CPU
	EndGlobalSection
	GlobalSection(SolutionProperties) = preSolution
		HideSolutionNode = FALSE
	EndGlobalSection
	GlobalSection(ExtensibilityGlobals) = postSolution
		SolutionGuid = {80A52BAB-F78C-40A2-8729-F496AEAE63D1}
	EndGlobalSection
EndGlobal
