
Microsoft Visual Studio Solution File, Format Version 12.00
# Visual Studio Version 16
VisualStudioVersion = 16.0.30717.126
MinimumVisualStudioVersion = 10.0.40219.1
Project("{FAE04EC0-301F-11D3-BF4B-00C04F79EFBC}") = "class0215", "class0215\class0215.csproj", "{9C62A266-6F00-44AA-9808-807969860D11}"
EndProject
Project("{FAE04EC0-301F-11D3-BF4B-00C04F79EFBC}") = "munMine2", "munMine2\munMine2.csproj", "{67033BAB-0246-44AD-86CD-903C1E02CC1C}"
EndProject
Global
	GlobalSection(SolutionConfigurationPlatforms) = preSolution
		Debug|Any CPU = Debug|Any CPU
		Release|Any CPU = Release|Any CPU
	EndGlobalSection
	GlobalSection(ProjectConfigurationPlatforms) = postSolution
		{9C62A266-6F00-44AA-9808-807969860D11}.Debug|Any CPU.ActiveCfg = Debug|Any CPU
		{9C62A266-6F00-44AA-9808-807969860D11}.Debug|Any CPU.Build.0 = Debug|Any CPU
		{9C62A266-6F00-44AA-9808-807969860D11}.Release|Any CPU.ActiveCfg = Release|Any CPU
		{9C62A266-6F00-44AA-9808-807969860D11}.Release|Any CPU.Build.0 = Release|Any CPU
		{67033BAB-0246-44AD-86CD-903C1E02CC1C}.Debug|Any CPU.ActiveCfg = Debug|Any CPU
		{67033BAB-0246-44AD-86CD-903C1E02CC1C}.Debug|Any CPU.Build.0 = Debug|Any CPU
		{67033BAB-0246-44AD-86CD-903C1E02CC1C}.Release|Any CPU.ActiveCfg = Release|Any CPU
		{67033BAB-0246-44AD-86CD-903C1E02CC1C}.Release|Any CPU.Build.0 = Release|Any CPU
	EndGlobalSection
	GlobalSection(SolutionProperties) = preSolution
		HideSolutionNode = FALSE
	EndGlobalSection
	GlobalSection(ExtensibilityGlobals) = postSolution
		SolutionGuid = {6F70CA5F-6C52-4EE5-82A2-E6587388FEB9}
	EndGlobalSection
EndGlobal
