
Microsoft Visual Studio Solution File, Format Version 12.00
# Visual Studio Version 16
VisualStudioVersion = 16.0.30717.126
MinimumVisualStudioVersion = 10.0.40219.1
Project("{FAE04EC0-301F-11D3-BF4B-00C04F79EFBC}") = "textbox_실습", "textbox_실습\textbox_실습.csproj", "{20756D8C-DC99-43F5-A678-B8FFF9F8F2E7}"
EndProject
Global
	GlobalSection(SolutionConfigurationPlatforms) = preSolution
		Debug|Any CPU = Debug|Any CPU
		Release|Any CPU = Release|Any CPU
	EndGlobalSection
	GlobalSection(ProjectConfigurationPlatforms) = postSolution
		{20756D8C-DC99-43F5-A678-B8FFF9F8F2E7}.Debug|Any CPU.ActiveCfg = Debug|Any CPU
		{20756D8C-DC99-43F5-A678-B8FFF9F8F2E7}.Debug|Any CPU.Build.0 = Debug|Any CPU
		{20756D8C-DC99-43F5-A678-B8FFF9F8F2E7}.Release|Any CPU.ActiveCfg = Release|Any CPU
		{20756D8C-DC99-43F5-A678-B8FFF9F8F2E7}.Release|Any CPU.Build.0 = Release|Any CPU
	EndGlobalSection
	GlobalSection(SolutionProperties) = preSolution
		HideSolutionNode = FALSE
	EndGlobalSection
	GlobalSection(ExtensibilityGlobals) = postSolution
		SolutionGuid = {127B5EEC-51CA-4932-8B5F-3A92CEDFA5CD}
	EndGlobalSection
EndGlobal
