
Microsoft Visual Studio Solution File, Format Version 12.00
# Visual Studio Version 16
VisualStudioVersion = 16.0.30717.126
MinimumVisualStudioVersion = 10.0.40219.1
Project("{FAE04EC0-301F-11D3-BF4B-00C04F79EFBC}") = "addressTest0218", "addressTest0218\addressTest0218.csproj", "{DB960D25-6C99-404B-B444-9BECD8E2AD46}"
EndProject
Project("{FAE04EC0-301F-11D3-BF4B-00C04F79EFBC}") = "Z_boxupInHouse0218", "boxupInHouse\Z_boxupInHouse0218.csproj", "{76766A5E-0E97-448B-9E0E-3E34DFC7015B}"
EndProject
Project("{FAE04EC0-301F-11D3-BF4B-00C04F79EFBC}") = "addressTest0219", "addressTest0219\addressTest0219.csproj", "{D353CA97-49F6-450F-9FF0-38CCBCEBE71A}"
EndProject
Project("{FAE04EC0-301F-11D3-BF4B-00C04F79EFBC}") = "addressTest0219_ClassSeP_2menu", "addressTest0219_ClassSeP_2menu\addressTest0219_ClassSeP_2menu.csproj", "{D4A9F3B3-3338-4982-9A81-B4DD14478539}"
EndProject
Project("{FAE04EC0-301F-11D3-BF4B-00C04F79EFBC}") = "addressTest0219_ClassSeP_1", "addressTest0219_ClassSeP_1\addressTest0219_ClassSeP_1.csproj", "{C125F982-00ED-4118-89A8-EFE99FA3A7D5}"
EndProject
Global
	GlobalSection(SolutionConfigurationPlatforms) = preSolution
		Debug|Any CPU = Debug|Any CPU
		Release|Any CPU = Release|Any CPU
	EndGlobalSection
	GlobalSection(ProjectConfigurationPlatforms) = postSolution
		{DB960D25-6C99-404B-B444-9BECD8E2AD46}.Debug|Any CPU.ActiveCfg = Debug|Any CPU
		{DB960D25-6C99-404B-B444-9BECD8E2AD46}.Debug|Any CPU.Build.0 = Debug|Any CPU
		{DB960D25-6C99-404B-B444-9BECD8E2AD46}.Release|Any CPU.ActiveCfg = Release|Any CPU
		{DB960D25-6C99-404B-B444-9BECD8E2AD46}.Release|Any CPU.Build.0 = Release|Any CPU
		{76766A5E-0E97-448B-9E0E-3E34DFC7015B}.Debug|Any CPU.ActiveCfg = Debug|Any CPU
		{76766A5E-0E97-448B-9E0E-3E34DFC7015B}.Debug|Any CPU.Build.0 = Debug|Any CPU
		{76766A5E-0E97-448B-9E0E-3E34DFC7015B}.Release|Any CPU.ActiveCfg = Release|Any CPU
		{76766A5E-0E97-448B-9E0E-3E34DFC7015B}.Release|Any CPU.Build.0 = Release|Any CPU
		{D353CA97-49F6-450F-9FF0-38CCBCEBE71A}.Debug|Any CPU.ActiveCfg = Debug|Any CPU
		{D353CA97-49F6-450F-9FF0-38CCBCEBE71A}.Debug|Any CPU.Build.0 = Debug|Any CPU
		{D353CA97-49F6-450F-9FF0-38CCBCEBE71A}.Release|Any CPU.ActiveCfg = Release|Any CPU
		{D353CA97-49F6-450F-9FF0-38CCBCEBE71A}.Release|Any CPU.Build.0 = Release|Any CPU
		{D4A9F3B3-3338-4982-9A81-B4DD14478539}.Debug|Any CPU.ActiveCfg = Debug|Any CPU
		{D4A9F3B3-3338-4982-9A81-B4DD14478539}.Debug|Any CPU.Build.0 = Debug|Any CPU
		{D4A9F3B3-3338-4982-9A81-B4DD14478539}.Release|Any CPU.ActiveCfg = Release|Any CPU
		{D4A9F3B3-3338-4982-9A81-B4DD14478539}.Release|Any CPU.Build.0 = Release|Any CPU
		{C125F982-00ED-4118-89A8-EFE99FA3A7D5}.Debug|Any CPU.ActiveCfg = Debug|Any CPU
		{C125F982-00ED-4118-89A8-EFE99FA3A7D5}.Debug|Any CPU.Build.0 = Debug|Any CPU
		{C125F982-00ED-4118-89A8-EFE99FA3A7D5}.Release|Any CPU.ActiveCfg = Release|Any CPU
		{C125F982-00ED-4118-89A8-EFE99FA3A7D5}.Release|Any CPU.Build.0 = Release|Any CPU
	EndGlobalSection
	GlobalSection(SolutionProperties) = preSolution
		HideSolutionNode = FALSE
	EndGlobalSection
	GlobalSection(ExtensibilityGlobals) = postSolution
		SolutionGuid = {4B2C3DBD-7412-4941-AC9F-32431C961C01}
	EndGlobalSection
EndGlobal
