
Microsoft Visual Studio Solution File, Format Version 12.00
# Visual Studio Version 16
VisualStudioVersion = 16.0.30717.126
MinimumVisualStudioVersion = 10.0.40219.1
Project("{FAE04EC0-301F-11D3-BF4B-00C04F79EFBC}") = "Hello_Form", "Hello_Form\Hello_Form.csproj", "{C49C4B24-1A44-466D-8DEB-20FBDA9FBBB0}"
EndProject
Global
	GlobalSection(SolutionConfigurationPlatforms) = preSolution
		Debug|Any CPU = Debug|Any CPU
		Release|Any CPU = Release|Any CPU
	EndGlobalSection
	GlobalSection(ProjectConfigurationPlatforms) = postSolution
		{C49C4B24-1A44-466D-8DEB-20FBDA9FBBB0}.Debug|Any CPU.ActiveCfg = Debug|Any CPU
		{C49C4B24-1A44-466D-8DEB-20FBDA9FBBB0}.Debug|Any CPU.Build.0 = Debug|Any CPU
		{C49C4B24-1A44-466D-8DEB-20FBDA9FBBB0}.Release|Any CPU.ActiveCfg = Release|Any CPU
		{C49C4B24-1A44-466D-8DEB-20FBDA9FBBB0}.Release|Any CPU.Build.0 = Release|Any CPU
	EndGlobalSection
	GlobalSection(SolutionProperties) = preSolution
		HideSolutionNode = FALSE
	EndGlobalSection
	GlobalSection(ExtensibilityGlobals) = postSolution
		SolutionGuid = {286A8DF1-8294-4AB8-B389-A68ECCB6FB0F}
	EndGlobalSection
EndGlobal
