
Microsoft Visual Studio Solution File, Format Version 12.00
# Visual Studio Version 16
VisualStudioVersion = 16.0.30717.126
MinimumVisualStudioVersion = 10.0.40219.1
Project("{FAE04EC0-301F-11D3-BF4B-00C04F79EFBC}") = "Problem3", "Problem3\Problem3.csproj", "{05B1EC36-A637-491B-9138-0358A1F0DBCF}"
EndProject
Global
	GlobalSection(SolutionConfigurationPlatforms) = preSolution
		Debug|Any CPU = Debug|Any CPU
		Release|Any CPU = Release|Any CPU
	EndGlobalSection
	GlobalSection(ProjectConfigurationPlatforms) = postSolution
		{05B1EC36-A637-491B-9138-0358A1F0DBCF}.Debug|Any CPU.ActiveCfg = Debug|Any CPU
		{05B1EC36-A637-491B-9138-0358A1F0DBCF}.Debug|Any CPU.Build.0 = Debug|Any CPU
		{05B1EC36-A637-491B-9138-0358A1F0DBCF}.Release|Any CPU.ActiveCfg = Release|Any CPU
		{05B1EC36-A637-491B-9138-0358A1F0DBCF}.Release|Any CPU.Build.0 = Release|Any CPU
	EndGlobalSection
	GlobalSection(SolutionProperties) = preSolution
		HideSolutionNode = FALSE
	EndGlobalSection
	GlobalSection(ExtensibilityGlobals) = postSolution
		SolutionGuid = {FEA7BA22-5969-4823-A571-F31DB24FE3DD}
	EndGlobalSection
EndGlobal
