
Microsoft Visual Studio Solution File, Format Version 12.00
# Visual Studio Version 16
VisualStudioVersion = 16.0.30717.126
MinimumVisualStudioVersion = 10.0.40219.1
Project("{FAE04EC0-301F-11D3-BF4B-00C04F79EFBC}") = "TaskManager", "TaskManager\TaskManager.csproj", "{5AA03D12-5FBE-4AD3-8967-8A564CBEC888}"
EndProject
Global
	GlobalSection(SolutionConfigurationPlatforms) = preSolution
		Debug|Any CPU = Debug|Any CPU
		Release|Any CPU = Release|Any CPU
	EndGlobalSection
	GlobalSection(ProjectConfigurationPlatforms) = postSolution
		{5AA03D12-5FBE-4AD3-8967-8A564CBEC888}.Debug|Any CPU.ActiveCfg = Debug|Any CPU
		{5AA03D12-5FBE-4AD3-8967-8A564CBEC888}.Debug|Any CPU.Build.0 = Debug|Any CPU
		{5AA03D12-5FBE-4AD3-8967-8A564CBEC888}.Release|Any CPU.ActiveCfg = Release|Any CPU
		{5AA03D12-5FBE-4AD3-8967-8A564CBEC888}.Release|Any CPU.Build.0 = Release|Any CPU
	EndGlobalSection
	GlobalSection(SolutionProperties) = preSolution
		HideSolutionNode = FALSE
	EndGlobalSection
	GlobalSection(ExtensibilityGlobals) = postSolution
		SolutionGuid = {02C5E8DB-93C5-46D7-86D6-D0BA328F2454}
	EndGlobalSection
EndGlobal
