
Microsoft Visual Studio Solution File, Format Version 12.00
# Visual Studio Version 16
VisualStudioVersion = 16.0.30717.126
MinimumVisualStudioVersion = 10.0.40219.1
Project("{FAE04EC0-301F-11D3-BF4B-00C04F79EFBC}") = "LoginForm", "LoginForm\LoginForm.csproj", "{BC845D4D-C21C-44D8-8E55-413CFC983373}"
EndProject
Global
	GlobalSection(SolutionConfigurationPlatforms) = preSolution
		Debug|Any CPU = Debug|Any CPU
		Release|Any CPU = Release|Any CPU
	EndGlobalSection
	GlobalSection(ProjectConfigurationPlatforms) = postSolution
		{BC845D4D-C21C-44D8-8E55-413CFC983373}.Debug|Any CPU.ActiveCfg = Debug|Any CPU
		{BC845D4D-C21C-44D8-8E55-413CFC983373}.Debug|Any CPU.Build.0 = Debug|Any CPU
		{BC845D4D-C21C-44D8-8E55-413CFC983373}.Release|Any CPU.ActiveCfg = Release|Any CPU
		{BC845D4D-C21C-44D8-8E55-413CFC983373}.Release|Any CPU.Build.0 = Release|Any CPU
	EndGlobalSection
	GlobalSection(SolutionProperties) = preSolution
		HideSolutionNode = FALSE
	EndGlobalSection
	GlobalSection(ExtensibilityGlobals) = postSolution
		SolutionGuid = {DFE1F540-A9F3-4123-AAB8-4B4687238FC9}
	EndGlobalSection
EndGlobal
